<?xml version="1.0" encoding="utf-8"?>
<Project ToolsVersion="4.0" xmlns="http://schemas.microsoft.com/developer/msbuild/2003">
  <ItemGroup>
    <ClCompile Include="GameTest.cpp" />
    <ClCompile Include="stdafx.cpp" />
    <ClCompile Include="App\app.cpp">
      <Filter>API</Filter>
    </ClCompile>
    <ClCompile Include="App\main.cpp">
      <Filter>API</Filter>
    </ClCompile>
    <ClCompile Include="App\SimpleController.cpp">
      <Filter>API</Filter>
    </ClCompile>
    <ClCompile Include="App\SimpleSound.cpp">
      <Filter>API</Filter>
    </ClCompile>
    <ClCompile Include="App\SimpleSprite.cpp">
      <Filter>API</Filter>
    </ClCompile>
    <ClCompile Include="stb_image\stb_image.cpp">
      <Filter>stb_image</Filter>
    </ClCompile>
    <ClCompile Include="CCatapult.cpp" />
    <ClCompile Include="CGameObject.cpp" />
    <ClCompile Include="CCanvas.cpp" />
    <ClCompile Include="CGameManager.cpp" />
    <ClCompile Include="CSceneManager.cpp" />
    <ClCompile Include="CCollider2D.cpp" />
    <ClCompile Include="CCannonBall.cpp" />
    <ClCompile Include="CEnemy.cpp" />
    <ClCompile Include="CEnemyCreator.cpp" />
    <ClCompile Include="CCrystal.cpp" />
    <ClCompile Include="UiManager.cpp" />
  </ItemGroup>
  <ItemGroup>
    <ClInclude Include="stdafx.h" />
    <ClInclude Include="App\app.h">
      <Filter>API</Filter>
    </ClInclude>
    <ClInclude Include="App\AppSettings.h">
      <Filter>API</Filter>
    </ClInclude>
    <ClInclude Include="App\main.h">
      <Filter>API</Filter>
    </ClInclude>
    <ClInclude Include="App\SimpleController.h">
      <Filter>API</Filter>
    </ClInclude>
    <ClInclude Include="App\SimpleSound.h">
      <Filter>API</Filter>
    </ClInclude>
    <ClInclude Include="App\SimpleSprite.h">
      <Filter>API</Filter>
    </ClInclude>
    <ClInclude Include="targetver.h">
      <Filter>API</Filter>
    </ClInclude>
    <ClInclude Include="stb_image\stb_image.h">
      <Filter>stb_image</Filter>
    </ClInclude>
    <ClInclude Include="CCatapult.h" />
    <ClInclude Include="CGameObject.h" />
    <ClInclude Include="CCanvas.h" />
    <ClInclude Include="CGameManager.h" />
    <ClInclude Include="CSceneManager.h" />
    <ClInclude Include="CCollider2D.h" />
    <ClInclude Include="CCannonBall.h" />
    <ClInclude Include="CEnemy.h" />
    <ClInclude Include="CEnemyCreator.h" />
    <ClInclude Include="CCrystal.h" />
    <ClInclude Include="UiManager.h" />
  </ItemGroup>
  <ItemGroup>
    <Filter Include="stb_image">
      <UniqueIdentifier>{61cfc19b-c57e-4021-b530-bac172fcba86}</UniqueIdentifier>
    </Filter>
    <Filter Include="API">
      <UniqueIdentifier>{f318918d-bb9f-4402-ae1c-4f72186d16f6}</UniqueIdentifier>
    </Filter>
    <Filter Include="GameJam">
      <UniqueIdentifier>{513ce7e1-d7c0-41b8-be22-4d0d3d179f1c}</UniqueIdentifier>
    </Filter>
  </ItemGroup>
  <ItemGroup>
    <Text Include="ReadMe.txt">
      <Filter>API</Filter>
    </Text>
  </ItemGroup>
</Project>